// !$*UTF8*$!
{
	archiveVersion = 1;
	classes = {
	};
	objectVersion = 56;
	objects = {

/* Begin PBXBuildFile section */
		8B255AB82A8F556000BAC4AB /* ScrollViewReaderBootcamp.swift in Sources */ = {isa = PBXBuildFile; fileRef = 8B255AB72A8F556000BAC4AB /* ScrollViewReaderBootcamp.swift */; };
		8B255ABA2A8F596300BAC4AB /* GeometryReaderBootcamp.swift in Sources */ = {isa = PBXBuildFile; fileRef = 8B255AB92A8F596300BAC4AB /* GeometryReaderBootcamp.swift */; };
		8B255ABC2A8F9CDF00BAC4AB /* MultipleSheetsBootcamp.swift in Sources */ = {isa = PBXBuildFile; fileRef = 8B255ABB2A8F9CDF00BAC4AB /* MultipleSheetsBootcamp.swift */; };
		8B255ABE2A8FA4EB00BAC4AB /* MaskBootcamp.swift in Sources */ = {isa = PBXBuildFile; fileRef = 8B255ABD2A8FA4EB00BAC4AB /* MaskBootcamp.swift */; };
		8BC25D732A9DD89300031547 /* CoreDataBootcamp.swift in Sources */ = {isa = PBXBuildFile; fileRef = 8BC25D722A9DD89300031547 /* CoreDataBootcamp.swift */; };
		8BC25D762A9DD9AE00031547 /* FruitsContainer.xcdatamodeld in Sources */ = {isa = PBXBuildFile; fileRef = 8BC25D742A9DD9AE00031547 /* FruitsContainer.xcdatamodeld */; };
		8BC25D782A9DE1F600031547 /* BackgroundThreadBootcamp.swift in Sources */ = {isa = PBXBuildFile; fileRef = 8BC25D772A9DE1F600031547 /* BackgroundThreadBootcamp.swift */; };
		8BC25D7A2A9DE87F00031547 /* WeakSelfBootcamp.swift in Sources */ = {isa = PBXBuildFile; fileRef = 8BC25D792A9DE87F00031547 /* WeakSelfBootcamp.swift */; };
		8BC25D7C2A9DEF4900031547 /* TypealiasBootcamp.swift in Sources */ = {isa = PBXBuildFile; fileRef = 8BC25D7B2A9DEF4900031547 /* TypealiasBootcamp.swift */; };
		8BC25D7E2A9DF4F400031547 /* EscapingBootcamp.swift in Sources */ = {isa = PBXBuildFile; fileRef = 8BC25D7D2A9DF4F400031547 /* EscapingBootcamp.swift */; };
		8BD8F22A2A8CA46700DDCC0A /* SwiftfulThinkingContinuedLearningApp.swift in Sources */ = {isa = PBXBuildFile; fileRef = 8BD8F2292A8CA46700DDCC0A /* SwiftfulThinkingContinuedLearningApp.swift */; };
		8BD8F22C2A8CA46700DDCC0A /* ContentView.swift in Sources */ = {isa = PBXBuildFile; fileRef = 8BD8F22B2A8CA46700DDCC0A /* ContentView.swift */; };
		8BD8F22E2A8CA46900DDCC0A /* Assets.xcassets in Resources */ = {isa = PBXBuildFile; fileRef = 8BD8F22D2A8CA46900DDCC0A /* Assets.xcassets */; };
		8BD8F2312A8CA46900DDCC0A /* Preview Assets.xcassets in Resources */ = {isa = PBXBuildFile; fileRef = 8BD8F2302A8CA46900DDCC0A /* Preview Assets.xcassets */; };
		8BD8F23A2A8CA9A100DDCC0A /* LongPressGestureBootcamp.swift in Sources */ = {isa = PBXBuildFile; fileRef = 8BD8F2392A8CA9A100DDCC0A /* LongPressGestureBootcamp.swift */; };
		8BD8F23C2A8CAA8400DDCC0A /* MagnificationGestureBootcamp.swift in Sources */ = {isa = PBXBuildFile; fileRef = 8BD8F23B2A8CAA8400DDCC0A /* MagnificationGestureBootcamp.swift */; };
		8BD8F23E2A8CAF1200DDCC0A /* RotationGestureBootcamp.swift in Sources */ = {isa = PBXBuildFile; fileRef = 8BD8F23D2A8CAF1200DDCC0A /* RotationGestureBootcamp.swift */; };
		8BD8F2402A8CB08C00DDCC0A /* DragGestureBootcamp.swift in Sources */ = {isa = PBXBuildFile; fileRef = 8BD8F23F2A8CB08C00DDCC0A /* DragGestureBootcamp.swift */; };
		8BD8F2422A8CB4DD00DDCC0A /* DragGestureBootcamp2.swift in Sources */ = {isa = PBXBuildFile; fileRef = 8BD8F2412A8CB4DD00DDCC0A /* DragGestureBootcamp2.swift */; };
		8BDA43E02A94911000746956 /* SoundsBootcamp.swift in Sources */ = {isa = PBXBuildFile; fileRef = 8BDA43DF2A94911000746956 /* SoundsBootcamp.swift */; };
		8BDA43E42A9492ED00746956 /* badum.mp3 in Resources */ = {isa = PBXBuildFile; fileRef = 8BDA43E22A9492ED00746956 /* badum.mp3 */; };
		8BDA43E52A9492ED00746956 /* tada.mp3 in Resources */ = {isa = PBXBuildFile; fileRef = 8BDA43E32A9492ED00746956 /* tada.mp3 */; };
		8BDA43E72A94945A00746956 /* HapticsBootcamp.swift in Sources */ = {isa = PBXBuildFile; fileRef = 8BDA43E62A94945A00746956 /* HapticsBootcamp.swift */; };
		8BDA43E92A9496DC00746956 /* LocalNotificationBootcamp.swift in Sources */ = {isa = PBXBuildFile; fileRef = 8BDA43E82A9496DC00746956 /* LocalNotificationBootcamp.swift */; };
		8BDA43EB2A949C6F00746956 /* HashableBootcamp.swift in Sources */ = {isa = PBXBuildFile; fileRef = 8BDA43EA2A949C6F00746956 /* HashableBootcamp.swift */; };
		8BDA43ED2A94A0BF00746956 /* ArraysBootcamp.swift in Sources */ = {isa = PBXBuildFile; fileRef = 8BDA43EC2A94A0BF00746956 /* ArraysBootcamp.swift */; };
/* End PBXBuildFile section */

/* Begin PBXFileReference section */
		8B255AB72A8F556000BAC4AB /* ScrollViewReaderBootcamp.swift */ = {isa = PBXFileReference; lastKnownFileType = sourcecode.swift; path = ScrollViewReaderBootcamp.swift; sourceTree = "<group>"; };
		8B255AB92A8F596300BAC4AB /* GeometryReaderBootcamp.swift */ = {isa = PBXFileReference; lastKnownFileType = sourcecode.swift; path = GeometryReaderBootcamp.swift; sourceTree = "<group>"; };
		8B255ABB2A8F9CDF00BAC4AB /* MultipleSheetsBootcamp.swift */ = {isa = PBXFileReference; lastKnownFileType = sourcecode.swift; path = MultipleSheetsBootcamp.swift; sourceTree = "<group>"; };
		8B255ABD2A8FA4EB00BAC4AB /* MaskBootcamp.swift */ = {isa = PBXFileReference; lastKnownFileType = sourcecode.swift; path = MaskBootcamp.swift; sourceTree = "<group>"; };
		8BC25D722A9DD89300031547 /* CoreDataBootcamp.swift */ = {isa = PBXFileReference; lastKnownFileType = sourcecode.swift; path = CoreDataBootcamp.swift; sourceTree = "<group>"; };
		8BC25D752A9DD9AE00031547 /* FruitsContainer.xcdatamodel */ = {isa = PBXFileReference; lastKnownFileType = wrapper.xcdatamodel; path = FruitsContainer.xcdatamodel; sourceTree = "<group>"; };
		8BC25D772A9DE1F600031547 /* BackgroundThreadBootcamp.swift */ = {isa = PBXFileReference; lastKnownFileType = sourcecode.swift; path = BackgroundThreadBootcamp.swift; sourceTree = "<group>"; };
		8BC25D792A9DE87F00031547 /* WeakSelfBootcamp.swift */ = {isa = PBXFileReference; lastKnownFileType = sourcecode.swift; path = WeakSelfBootcamp.swift; sourceTree = "<group>"; };
		8BC25D7B2A9DEF4900031547 /* TypealiasBootcamp.swift */ = {isa = PBXFileReference; lastKnownFileType = sourcecode.swift; path = TypealiasBootcamp.swift; sourceTree = "<group>"; };
		8BC25D7D2A9DF4F400031547 /* EscapingBootcamp.swift */ = {isa = PBXFileReference; lastKnownFileType = sourcecode.swift; path = EscapingBootcamp.swift; sourceTree = "<group>"; };
		8BD8F2262A8CA46700DDCC0A /* SwiftfulThinkingContinuedLearning.app */ = {isa = PBXFileReference; explicitFileType = wrapper.application; includeInIndex = 0; path = SwiftfulThinkingContinuedLearning.app; sourceTree = BUILT_PRODUCTS_DIR; };
		8BD8F2292A8CA46700DDCC0A /* SwiftfulThinkingContinuedLearningApp.swift */ = {isa = PBXFileReference; lastKnownFileType = sourcecode.swift; path = SwiftfulThinkingContinuedLearningApp.swift; sourceTree = "<group>"; };
		8BD8F22B2A8CA46700DDCC0A /* ContentView.swift */ = {isa = PBXFileReference; lastKnownFileType = sourcecode.swift; path = ContentView.swift; sourceTree = "<group>"; };
		8BD8F22D2A8CA46900DDCC0A /* Assets.xcassets */ = {isa = PBXFileReference; lastKnownFileType = folder.assetcatalog; path = Assets.xcassets; sourceTree = "<group>"; };
		8BD8F2302A8CA46900DDCC0A /* Preview Assets.xcassets */ = {isa = PBXFileReference; lastKnownFileType = folder.assetcatalog; path = "Preview Assets.xcassets"; sourceTree = "<group>"; };
		8BD8F2392A8CA9A100DDCC0A /* LongPressGestureBootcamp.swift */ = {isa = PBXFileReference; lastKnownFileType = sourcecode.swift; path = LongPressGestureBootcamp.swift; sourceTree = "<group>"; };
		8BD8F23B2A8CAA8400DDCC0A /* MagnificationGestureBootcamp.swift */ = {isa = PBXFileReference; lastKnownFileType = sourcecode.swift; path = MagnificationGestureBootcamp.swift; sourceTree = "<group>"; };
		8BD8F23D2A8CAF1200DDCC0A /* RotationGestureBootcamp.swift */ = {isa = PBXFileReference; lastKnownFileType = sourcecode.swift; path = RotationGestureBootcamp.swift; sourceTree = "<group>"; };
		8BD8F23F2A8CB08C00DDCC0A /* DragGestureBootcamp.swift */ = {isa = PBXFileReference; lastKnownFileType = sourcecode.swift; path = DragGestureBootcamp.swift; sourceTree = "<group>"; };
		8BD8F2412A8CB4DD00DDCC0A /* DragGestureBootcamp2.swift */ = {isa = PBXFileReference; lastKnownFileType = sourcecode.swift; path = DragGestureBootcamp2.swift; sourceTree = "<group>"; };
		8BDA43DF2A94911000746956 /* SoundsBootcamp.swift */ = {isa = PBXFileReference; lastKnownFileType = sourcecode.swift; path = SoundsBootcamp.swift; sourceTree = "<group>"; };
		8BDA43E22A9492ED00746956 /* badum.mp3 */ = {isa = PBXFileReference; lastKnownFileType = audio.mp3; path = badum.mp3; sourceTree = "<group>"; };
		8BDA43E32A9492ED00746956 /* tada.mp3 */ = {isa = PBXFileReference; lastKnownFileType = audio.mp3; path = tada.mp3; sourceTree = "<group>"; };
		8BDA43E62A94945A00746956 /* HapticsBootcamp.swift */ = {isa = PBXFileReference; lastKnownFileType = sourcecode.swift; path = HapticsBootcamp.swift; sourceTree = "<group>"; };
		8BDA43E82A9496DC00746956 /* LocalNotificationBootcamp.swift */ = {isa = PBXFileReference; lastKnownFileType = sourcecode.swift; path = LocalNotificationBootcamp.swift; sourceTree = "<group>"; };
		8BDA43EA2A949C6F00746956 /* HashableBootcamp.swift */ = {isa = PBXFileReference; lastKnownFileType = sourcecode.swift; path = HashableBootcamp.swift; sourceTree = "<group>"; };
		8BDA43EC2A94A0BF00746956 /* ArraysBootcamp.swift */ = {isa = PBXFileReference; lastKnownFileType = sourcecode.swift; path = ArraysBootcamp.swift; sourceTree = "<group>"; };
/* End PBXFileReference section */

/* Begin PBXFrameworksBuildPhase section */
		8BD8F2232A8CA46700DDCC0A /* Frameworks */ = {
			isa = PBXFrameworksBuildPhase;
			buildActionMask = 2147483647;
			files = (
			);
			runOnlyForDeploymentPostprocessing = 0;
		};
/* End PBXFrameworksBuildPhase section */

/* Begin PBXGroup section */
		8BD8F21D2A8CA46700DDCC0A = {
			isa = PBXGroup;
			children = (
				8BD8F2282A8CA46700DDCC0A /* SwiftfulThinkingContinuedLearning */,
				8BD8F2272A8CA46700DDCC0A /* Products */,
			);
			sourceTree = "<group>";
		};
		8BD8F2272A8CA46700DDCC0A /* Products */ = {
			isa = PBXGroup;
			children = (
				8BD8F2262A8CA46700DDCC0A /* SwiftfulThinkingContinuedLearning.app */,
			);
			name = Products;
			sourceTree = "<group>";
		};
		8BD8F2282A8CA46700DDCC0A /* SwiftfulThinkingContinuedLearning */ = {
			isa = PBXGroup;
			children = (
				8BD8F2292A8CA46700DDCC0A /* SwiftfulThinkingContinuedLearningApp.swift */,
				8BD8F22B2A8CA46700DDCC0A /* ContentView.swift */,
				8BD8F2392A8CA9A100DDCC0A /* LongPressGestureBootcamp.swift */,
				8BD8F23B2A8CAA8400DDCC0A /* MagnificationGestureBootcamp.swift */,
				8BD8F23D2A8CAF1200DDCC0A /* RotationGestureBootcamp.swift */,
				8BD8F23F2A8CB08C00DDCC0A /* DragGestureBootcamp.swift */,
				8BD8F2412A8CB4DD00DDCC0A /* DragGestureBootcamp2.swift */,
				8B255AB72A8F556000BAC4AB /* ScrollViewReaderBootcamp.swift */,
				8B255AB92A8F596300BAC4AB /* GeometryReaderBootcamp.swift */,
				8B255ABB2A8F9CDF00BAC4AB /* MultipleSheetsBootcamp.swift */,
				8B255ABD2A8FA4EB00BAC4AB /* MaskBootcamp.swift */,
				8BDA43DF2A94911000746956 /* SoundsBootcamp.swift */,
				8BDA43E62A94945A00746956 /* HapticsBootcamp.swift */,
				8BDA43E82A9496DC00746956 /* LocalNotificationBootcamp.swift */,
				8BDA43EA2A949C6F00746956 /* HashableBootcamp.swift */,
				8BDA43EC2A94A0BF00746956 /* ArraysBootcamp.swift */,
				8BC25D722A9DD89300031547 /* CoreDataBootcamp.swift */,
				8BC25D772A9DE1F600031547 /* BackgroundThreadBootcamp.swift */,
				8BC25D792A9DE87F00031547 /* WeakSelfBootcamp.swift */,
				8BC25D7B2A9DEF4900031547 /* TypealiasBootcamp.swift */,
				8BC25D7D2A9DF4F400031547 /* EscapingBootcamp.swift */,
				8BC25D742A9DD9AE00031547 /* FruitsContainer.xcdatamodeld */,
				8BDA43E12A9492DD00746956 /* Sounds */,
				8BD8F22D2A8CA46900DDCC0A /* Assets.xcassets */,
				8BD8F22F2A8CA46900DDCC0A /* Preview Content */,
			);
			path = SwiftfulThinkingContinuedLearning;
			sourceTree = "<group>";
		};
		8BD8F22F2A8CA46900DDCC0A /* Preview Content */ = {
			isa = PBXGroup;
			children = (
				8BD8F2302A8CA46900DDCC0A /* Preview Assets.xcassets */,
			);
			path = "Preview Content";
			sourceTree = "<group>";
		};
		8BDA43E12A9492DD00746956 /* Sounds */ = {
			isa = PBXGroup;
			children = (
				8BDA43E32A9492ED00746956 /* tada.mp3 */,
				8BDA43E22A9492ED00746956 /* badum.mp3 */,
			);
			path = Sounds;
			sourceTree = "<group>";
		};
/* End PBXGroup section */

/* Begin PBXNativeTarget section */
		8BD8F2252A8CA46700DDCC0A /* SwiftfulThinkingContinuedLearning */ = {
			isa = PBXNativeTarget;
			buildConfigurationList = 8BD8F2342A8CA46900DDCC0A /* Build configuration list for PBXNativeTarget "SwiftfulThinkingContinuedLearning" */;
			buildPhases = (
				8BD8F2222A8CA46700DDCC0A /* Sources */,
				8BD8F2232A8CA46700DDCC0A /* Frameworks */,
				8BD8F2242A8CA46700DDCC0A /* Resources */,
			);
			buildRules = (
			);
			dependencies = (
			);
			name = SwiftfulThinkingContinuedLearning;
			productName = SwiftfulThinkingContinuedLearning;
			productReference = 8BD8F2262A8CA46700DDCC0A /* SwiftfulThinkingContinuedLearning.app */;
			productType = "com.apple.product-type.application";
		};
/* End PBXNativeTarget section */

/* Begin PBXProject section */
		8BD8F21E2A8CA46700DDCC0A /* Project object */ = {
			isa = PBXProject;
			attributes = {
				BuildIndependentTargetsInParallel = 1;
				LastSwiftUpdateCheck = 1430;
				LastUpgradeCheck = 1430;
				TargetAttributes = {
					8BD8F2252A8CA46700DDCC0A = {
						CreatedOnToolsVersion = 14.3.1;
					};
				};
			};
			buildConfigurationList = 8BD8F2212A8CA46700DDCC0A /* Build configuration list for PBXProject "SwiftfulThinkingContinuedLearning" */;
			compatibilityVersion = "Xcode 14.0";
			developmentRegion = en;
			hasScannedForEncodings = 0;
			knownRegions = (
				en,
				Base,
			);
			mainGroup = 8BD8F21D2A8CA46700DDCC0A;
			productRefGroup = 8BD8F2272A8CA46700DDCC0A /* Products */;
			projectDirPath = "";
			projectRoot = "";
			targets = (
				8BD8F2252A8CA46700DDCC0A /* SwiftfulThinkingContinuedLearning */,
			);
		};
/* End PBXProject section */

/* Begin PBXResourcesBuildPhase section */
		8BD8F2242A8CA46700DDCC0A /* Resources */ = {
			isa = PBXResourcesBuildPhase;
			buildActionMask = 2147483647;
			files = (
				8BDA43E52A9492ED00746956 /* tada.mp3 in Resources */,
				8BDA43E42A9492ED00746956 /* badum.mp3 in Resources */,
				8BD8F2312A8CA46900DDCC0A /* Preview Assets.xcassets in Resources */,
				8BD8F22E2A8CA46900DDCC0A /* Assets.xcassets in Resources */,
			);
			runOnlyForDeploymentPostprocessing = 0;
		};
/* End PBXResourcesBuildPhase section */

/* Begin PBXSourcesBuildPhase section */
		8BD8F2222A8CA46700DDCC0A /* Sources */ = {
			isa = PBXSourcesBuildPhase;
			buildActionMask = 2147483647;
			files = (
				8BC25D762A9DD9AE00031547 /* FruitsContainer.xcdatamodeld in Sources */,
				8BDA43EB2A949C6F00746956 /* HashableBootcamp.swift in Sources */,
				8BDA43E02A94911000746956 /* SoundsBootcamp.swift in Sources */,
				8BD8F2422A8CB4DD00DDCC0A /* DragGestureBootcamp2.swift in Sources */,
				8BC25D7A2A9DE87F00031547 /* WeakSelfBootcamp.swift in Sources */,
				8BC25D732A9DD89300031547 /* CoreDataBootcamp.swift in Sources */,
				8B255ABE2A8FA4EB00BAC4AB /* MaskBootcamp.swift in Sources */,
				8BD8F2402A8CB08C00DDCC0A /* DragGestureBootcamp.swift in Sources */,
				8BD8F22C2A8CA46700DDCC0A /* ContentView.swift in Sources */,
				8BC25D7C2A9DEF4900031547 /* TypealiasBootcamp.swift in Sources */,
				8BDA43ED2A94A0BF00746956 /* ArraysBootcamp.swift in Sources */,
				8BDA43E92A9496DC00746956 /* LocalNotificationBootcamp.swift in Sources */,
				8BC25D7E2A9DF4F400031547 /* EscapingBootcamp.swift in Sources */,
				8B255AB82A8F556000BAC4AB /* ScrollViewReaderBootcamp.swift in Sources */,
				8B255ABC2A8F9CDF00BAC4AB /* MultipleSheetsBootcamp.swift in Sources */,
				8BD8F22A2A8CA46700DDCC0A /* SwiftfulThinkingContinuedLearningApp.swift in Sources */,
				8BD8F23C2A8CAA8400DDCC0A /* MagnificationGestureBootcamp.swift in Sources */,
				8B255ABA2A8F596300BAC4AB /* GeometryReaderBootcamp.swift in Sources */,
				8BDA43E72A94945A00746956 /* HapticsBootcamp.swift in Sources */,
				8BD8F23A2A8CA9A100DDCC0A /* LongPressGestureBootcamp.swift in Sources */,
				8BD8F23E2A8CAF1200DDCC0A /* RotationGestureBootcamp.swift in Sources */,
				8BC25D782A9DE1F600031547 /* BackgroundThreadBootcamp.swift in Sources */,
			);
			runOnlyForDeploymentPostprocessing = 0;
		};
/* End PBXSourcesBuildPhase section */

/* Begin XCBuildConfiguration section */
		8BD8F2322A8CA46900DDCC0A /* Debug */ = {
			isa = XCBuildConfiguration;
			buildSettings = {
				ALWAYS_SEARCH_USER_PATHS = NO;
				CLANG_ANALYZER_NONNULL = YES;
				CLANG_ANALYZER_NUMBER_OBJECT_CONVERSION = YES_AGGRESSIVE;
				CLANG_CXX_LANGUAGE_STANDARD = "gnu++20";
				CLANG_ENABLE_MODULES = YES;
				CLANG_ENABLE_OBJC_ARC = YES;
				CLANG_ENABLE_OBJC_WEAK = YES;
				CLANG_WARN_BLOCK_CAPTURE_AUTORELEASING = YES;
				CLANG_WARN_BOOL_CONVERSION = YES;
				CLANG_WARN_COMMA = YES;
				CLANG_WARN_CONSTANT_CONVERSION = YES;
				CLANG_WARN_DEPRECATED_OBJC_IMPLEMENTATIONS = YES;
				CLANG_WARN_DIRECT_OBJC_ISA_USAGE = YES_ERROR;
				CLANG_WARN_DOCUMENTATION_COMMENTS = YES;
				CLANG_WARN_EMPTY_BODY = YES;
				CLANG_WARN_ENUM_CONVERSION = YES;
				CLANG_WARN_INFINITE_RECURSION = YES;
				CLANG_WARN_INT_CONVERSION = YES;
				CLANG_WARN_NON_LITERAL_NULL_CONVERSION = YES;
				CLANG_WARN_OBJC_IMPLICIT_RETAIN_SELF = YES;
				CLANG_WARN_OBJC_LITERAL_CONVERSION = YES;
				CLANG_WARN_OBJC_ROOT_CLASS = YES_ERROR;
				CLANG_WARN_QUOTED_INCLUDE_IN_FRAMEWORK_HEADER = YES;
				CLANG_WARN_RANGE_LOOP_ANALYSIS = YES;
				CLANG_WARN_STRICT_PROTOTYPES = YES;
				CLANG_WARN_SUSPICIOUS_MOVE = YES;
				CLANG_WARN_UNGUARDED_AVAILABILITY = YES_AGGRESSIVE;
				CLANG_WARN_UNREACHABLE_CODE = YES;
				CLANG_WARN__DUPLICATE_METHOD_MATCH = YES;
				COPY_PHASE_STRIP = NO;
				DEBUG_INFORMATION_FORMAT = dwarf;
				ENABLE_STRICT_OBJC_MSGSEND = YES;
				ENABLE_TESTABILITY = YES;
				GCC_C_LANGUAGE_STANDARD = gnu11;
				GCC_DYNAMIC_NO_PIC = NO;
				GCC_NO_COMMON_BLOCKS = YES;
				GCC_OPTIMIZATION_LEVEL = 0;
				GCC_PREPROCESSOR_DEFINITIONS = (
					"DEBUG=1",
					"$(inherited)",
				);
				GCC_WARN_64_TO_32_BIT_CONVERSION = YES;
				GCC_WARN_ABOUT_RETURN_TYPE = YES_ERROR;
				GCC_WARN_UNDECLARED_SELECTOR = YES;
				GCC_WARN_UNINITIALIZED_AUTOS = YES_AGGRESSIVE;
				GCC_WARN_UNUSED_FUNCTION = YES;
				GCC_WARN_UNUSED_VARIABLE = YES;
				IPHONEOS_DEPLOYMENT_TARGET = 16.4;
				MTL_ENABLE_DEBUG_INFO = INCLUDE_SOURCE;
				MTL_FAST_MATH = YES;
				ONLY_ACTIVE_ARCH = YES;
				SDKROOT = iphoneos;
				SWIFT_ACTIVE_COMPILATION_CONDITIONS = DEBUG;
				SWIFT_OPTIMIZATION_LEVEL = "-Onone";
			};
			name = Debug;
		};
		8BD8F2332A8CA46900DDCC0A /* Release */ = {
			isa = XCBuildConfiguration;
			buildSettings = {
				ALWAYS_SEARCH_USER_PATHS = NO;
				CLANG_ANALYZER_NONNULL = YES;
				CLANG_ANALYZER_NUMBER_OBJECT_CONVERSION = YES_AGGRESSIVE;
				CLANG_CXX_LANGUAGE_STANDARD = "gnu++20";
				CLANG_ENABLE_MODULES = YES;
				CLANG_ENABLE_OBJC_ARC = YES;
				CLANG_ENABLE_OBJC_WEAK = YES;
				CLANG_WARN_BLOCK_CAPTURE_AUTORELEASING = YES;
				CLANG_WARN_BOOL_CONVERSION = YES;
				CLANG_WARN_COMMA = YES;
				CLANG_WARN_CONSTANT_CONVERSION = YES;
				CLANG_WARN_DEPRECATED_OBJC_IMPLEMENTATIONS = YES;
				CLANG_WARN_DIRECT_OBJC_ISA_USAGE = YES_ERROR;
				CLANG_WARN_DOCUMENTATION_COMMENTS = YES;
				CLANG_WARN_EMPTY_BODY = YES;
				CLANG_WARN_ENUM_CONVERSION = YES;
				CLANG_WARN_INFINITE_RECURSION = YES;
				CLANG_WARN_INT_CONVERSION = YES;
				CLANG_WARN_NON_LITERAL_NULL_CONVERSION = YES;
				CLANG_WARN_OBJC_IMPLICIT_RETAIN_SELF = YES;
				CLANG_WARN_OBJC_LITERAL_CONVERSION = YES;
				CLANG_WARN_OBJC_ROOT_CLASS = YES_ERROR;
				CLANG_WARN_QUOTED_INCLUDE_IN_FRAMEWORK_HEADER = YES;
				CLANG_WARN_RANGE_LOOP_ANALYSIS = YES;
				CLANG_WARN_STRICT_PROTOTYPES = YES;
				CLANG_WARN_SUSPICIOUS_MOVE = YES;
				CLANG_WARN_UNGUARDED_AVAILABILITY = YES_AGGRESSIVE;
				CLANG_WARN_UNREACHABLE_CODE = YES;
				CLANG_WARN__DUPLICATE_METHOD_MATCH = YES;
				COPY_PHASE_STRIP = NO;
				DEBUG_INFORMATION_FORMAT = "dwarf-with-dsym";
				ENABLE_NS_ASSERTIONS = NO;
				ENABLE_STRICT_OBJC_MSGSEND = YES;
				GCC_C_LANGUAGE_STANDARD = gnu11;
				GCC_NO_COMMON_BLOCKS = YES;
				GCC_WARN_64_TO_32_BIT_CONVERSION = YES;
				GCC_WARN_ABOUT_RETURN_TYPE = YES_ERROR;
				GCC_WARN_UNDECLARED_SELECTOR = YES;
				GCC_WARN_UNINITIALIZED_AUTOS = YES_AGGRESSIVE;
				GCC_WARN_UNUSED_FUNCTION = YES;
				GCC_WARN_UNUSED_VARIABLE = YES;
				IPHONEOS_DEPLOYMENT_TARGET = 16.4;
				MTL_ENABLE_DEBUG_INFO = NO;
				MTL_FAST_MATH = YES;
				SDKROOT = iphoneos;
				SWIFT_COMPILATION_MODE = wholemodule;
				SWIFT_OPTIMIZATION_LEVEL = "-O";
				VALIDATE_PRODUCT = YES;
			};
			name = Release;
		};
		8BD8F2352A8CA46900DDCC0A /* Debug */ = {
			isa = XCBuildConfiguration;
			buildSettings = {
				ASSETCATALOG_COMPILER_APPICON_NAME = AppIcon;
				ASSETCATALOG_COMPILER_GLOBAL_ACCENT_COLOR_NAME = AccentColor;
				CODE_SIGN_STYLE = Automatic;
				CURRENT_PROJECT_VERSION = 1;
				DEVELOPMENT_ASSET_PATHS = "\"SwiftfulThinkingContinuedLearning/Preview Content\"";
				DEVELOPMENT_TEAM = PS98A42LW7;
				ENABLE_PREVIEWS = YES;
				GENERATE_INFOPLIST_FILE = YES;
				INFOPLIST_KEY_UIApplicationSceneManifest_Generation = YES;
				INFOPLIST_KEY_UIApplicationSupportsIndirectInputEvents = YES;
				INFOPLIST_KEY_UILaunchScreen_Generation = YES;
				INFOPLIST_KEY_UISupportedInterfaceOrientations_iPad = "UIInterfaceOrientationPortrait UIInterfaceOrientationPortraitUpsideDown UIInterfaceOrientationLandscapeLeft UIInterfaceOrientationLandscapeRight";
				INFOPLIST_KEY_UISupportedInterfaceOrientations_iPhone = "UIInterfaceOrientationPortrait UIInterfaceOrientationLandscapeLeft UIInterfaceOrientationLandscapeRight";
				LD_RUNPATH_SEARCH_PATHS = (
					"$(inherited)",
					"@executable_path/Frameworks",
				);
				MARKETING_VERSION = 1.0;
				PRODUCT_BUNDLE_IDENTIFIER = com.hazzy.SwiftfulThinkingContinuedLearning;
				PRODUCT_NAME = "$(TARGET_NAME)";
				SWIFT_EMIT_LOC_STRINGS = YES;
				SWIFT_VERSION = 5.0;
				TARGETED_DEVICE_FAMILY = "1,2";
			};
			name = Debug;
		};
		8BD8F2362A8CA46900DDCC0A /* Release */ = {
			isa = XCBuildConfiguration;
			buildSettings = {
				ASSETCATALOG_COMPILER_APPICON_NAME = AppIcon;
				ASSETCATALOG_COMPILER_GLOBAL_ACCENT_COLOR_NAME = AccentColor;
				CODE_SIGN_STYLE = Automatic;
				CURRENT_PROJECT_VERSION = 1;
				DEVELOPMENT_ASSET_PATHS = "\"SwiftfulThinkingContinuedLearning/Preview Content\"";
				DEVELOPMENT_TEAM = PS98A42LW7;
				ENABLE_PREVIEWS = YES;
				GENERATE_INFOPLIST_FILE = YES;
				INFOPLIST_KEY_UIApplicationSceneManifest_Generation = YES;
				INFOPLIST_KEY_UIApplicationSupportsIndirectInputEvents = YES;
				INFOPLIST_KEY_UILaunchScreen_Generation = YES;
				INFOPLIST_KEY_UISupportedInterfaceOrientations_iPad = "UIInterfaceOrientationPortrait UIInterfaceOrientationPortraitUpsideDown UIInterfaceOrientationLandscapeLeft UIInterfaceOrientationLandscapeRight";
				INFOPLIST_KEY_UISupportedInterfaceOrientations_iPhone = "UIInterfaceOrientationPortrait UIInterfaceOrientationLandscapeLeft UIInterfaceOrientationLandscapeRight";
				LD_RUNPATH_SEARCH_PATHS = (
					"$(inherited)",
					"@executable_path/Frameworks",
				);
				MARKETING_VERSION = 1.0;
				PRODUCT_BUNDLE_IDENTIFIER = com.hazzy.SwiftfulThinkingContinuedLearning;
				PRODUCT_NAME = "$(TARGET_NAME)";
				SWIFT_EMIT_LOC_STRINGS = YES;
				SWIFT_VERSION = 5.0;
				TARGETED_DEVICE_FAMILY = "1,2";
			};
			name = Release;
		};
/* End XCBuildConfiguration section */

/* Begin XCConfigurationList section */
		8BD8F2212A8CA46700DDCC0A /* Build configuration list for PBXProject "SwiftfulThinkingContinuedLearning" */ = {
			isa = XCConfigurationList;
			buildConfigurations = (
				8BD8F2322A8CA46900DDCC0A /* Debug */,
				8BD8F2332A8CA46900DDCC0A /* Release */,
			);
			defaultConfigurationIsVisible = 0;
			defaultConfigurationName = Release;
		};
		8BD8F2342A8CA46900DDCC0A /* Build configuration list for PBXNativeTarget "SwiftfulThinkingContinuedLearning" */ = {
			isa = XCConfigurationList;
			buildConfigurations = (
				8BD8F2352A8CA46900DDCC0A /* Debug */,
				8BD8F2362A8CA46900DDCC0A /* Release */,
			);
			defaultConfigurationIsVisible = 0;
			defaultConfigurationName = Release;
		};
/* End XCConfigurationList section */

/* Begin XCVersionGroup section */
		8BC25D742A9DD9AE00031547 /* FruitsContainer.xcdatamodeld */ = {
			isa = XCVersionGroup;
			children = (
				8BC25D752A9DD9AE00031547 /* FruitsContainer.xcdatamodel */,
			);
			currentVersion = 8BC25D752A9DD9AE00031547 /* FruitsContainer.xcdatamodel */;
			path = FruitsContainer.xcdatamodeld;
			sourceTree = "<group>";
			versionGroupType = wrapper.xcdatamodel;
		};
/* End XCVersionGroup section */
	};
	rootObject = 8BD8F21E2A8CA46700DDCC0A /* Project object */;
}
